// !$*UTF8*$!
{
	archiveVersion = 1;
	classes = {
	};
	objectVersion = 56;
	objects = {

/* Begin PBXBuildFile section */
		78A211922E30693900F2D607 /* Prueba_MacroplayApp.swift in Sources */ = {isa = PBXBuildFile; fileRef = 78A211912E30693900F2D607 /* Prueba_MacroplayApp.swift */; };
		78A211962E30693D00F2D607 /* Assets.xcassets in Resources */ = {isa = PBXBuildFile; fileRef = 78A211952E30693D00F2D607 /* Assets.xcassets */; };
		78A211992E30693D00F2D607 /* Preview Assets.xcassets in Resources */ = {isa = PBXBuildFile; fileRef = 78A211982E30693D00F2D607 /* Preview Assets.xcassets */; };
		78A211A32E30693E00F2D607 /* Prueba_MacroplayTests.swift in Sources */ = {isa = PBXBuildFile; fileRef = 78A211A22E30693E00F2D607 /* Prueba_MacroplayTests.swift */; };
		78A211AD2E30693E00F2D607 /* Prueba_MacroplayUITests.swift in Sources */ = {isa = PBXBuildFile; fileRef = 78A211AC2E30693E00F2D607 /* Prueba_MacroplayUITests.swift */; };
		78A211AF2E30693E00F2D607 /* Prueba_MacroplayUITestsLaunchTests.swift in Sources */ = {isa = PBXBuildFile; fileRef = 78A211AE2E30693E00F2D607 /* Prueba_MacroplayUITestsLaunchTests.swift */; };
		78A211C32E306B3400F2D607 /* LoginView.swift in Sources */ = {isa = PBXBuildFile; fileRef = 78A211C22E306B3400F2D607 /* LoginView.swift */; };
		78A211C52E306B7500F2D607 /* LoginViewModel.swift in Sources */ = {isa = PBXBuildFile; fileRef = 78A211C42E306B7500F2D607 /* LoginViewModel.swift */; };
		78A211C82E306CE200F2D607 /* LoginState.swift in Sources */ = {isa = PBXBuildFile; fileRef = 78A211C72E306CE200F2D607 /* LoginState.swift */; };
		78A211CD2E306FB000F2D607 /* LoginRepository.swift in Sources */ = {isa = PBXBuildFile; fileRef = 78A211CC2E306FB000F2D607 /* LoginRepository.swift */; };
		78A211CF2E306FDE00F2D607 /* LoginRepositoryImpl.swift in Sources */ = {isa = PBXBuildFile; fileRef = 78A211CE2E306FDE00F2D607 /* LoginRepositoryImpl.swift */; };
		78A211D12E30701000F2D607 /* LoginUseCase.swift in Sources */ = {isa = PBXBuildFile; fileRef = 78A211D02E30701000F2D607 /* LoginUseCase.swift */; };
		78A481FC2E30776B00C86427 /* AppDelegate.swift in Sources */ = {isa = PBXBuildFile; fileRef = 78A481FB2E30776B00C86427 /* AppDelegate.swift */; };
		78A481FE2E30784C00C86427 /* GoogleService-Info.plist in Resources */ = {isa = PBXBuildFile; fileRef = 78A481FD2E30784C00C86427 /* GoogleService-Info.plist */; };
		78B9B2DF2E30854F007D7656 /* HomeView.swift in Sources */ = {isa = PBXBuildFile; fileRef = 78B9B2DE2E30854F007D7656 /* HomeView.swift */; };
		78B9B2E22E3086AB007D7656 /* SessionManager.swift in Sources */ = {isa = PBXBuildFile; fileRef = 78B9B2E12E3086AB007D7656 /* SessionManager.swift */; };
		B48BCAE0AD4B503A53BB0767 /* Pods_Prueba_Macroplay.framework in Frameworks */ = {isa = PBXBuildFile; fileRef = B147CEA582782F7CB7D4B7AC /* Pods_Prueba_Macroplay.framework */; };
/* End PBXBuildFile section */

/* Begin PBXContainerItemProxy section */
		78A2119F2E30693E00F2D607 /* PBXContainerItemProxy */ = {
			isa = PBXContainerItemProxy;
			containerPortal = 78A211862E30693900F2D607 /* Project object */;
			proxyType = 1;
			remoteGlobalIDString = 78A2118D2E30693900F2D607;
			remoteInfo = "Prueba Macroplay";
		};
		78A211A92E30693E00F2D607 /* PBXContainerItemProxy */ = {
			isa = PBXContainerItemProxy;
			containerPortal = 78A211862E30693900F2D607 /* Project object */;
			proxyType = 1;
			remoteGlobalIDString = 78A2118D2E30693900F2D607;
			remoteInfo = "Prueba Macroplay";
		};
/* End PBXContainerItemProxy section */

/* Begin PBXFileReference section */
		4720D1D605F9564EF4B36B92 /* Pods-Prueba Macroplay.release.xcconfig */ = {isa = PBXFileReference; includeInIndex = 1; lastKnownFileType = text.xcconfig; name = "Pods-Prueba Macroplay.release.xcconfig"; path = "Target Support Files/Pods-Prueba Macroplay/Pods-Prueba Macroplay.release.xcconfig"; sourceTree = "<group>"; };
		78A2118E2E30693900F2D607 /* Prueba Macroplay.app */ = {isa = PBXFileReference; explicitFileType = wrapper.application; includeInIndex = 0; path = "Prueba Macroplay.app"; sourceTree = BUILT_PRODUCTS_DIR; };
		78A211912E30693900F2D607 /* Prueba_MacroplayApp.swift */ = {isa = PBXFileReference; lastKnownFileType = sourcecode.swift; path = Prueba_MacroplayApp.swift; sourceTree = "<group>"; };
		78A211952E30693D00F2D607 /* Assets.xcassets */ = {isa = PBXFileReference; lastKnownFileType = folder.assetcatalog; path = Assets.xcassets; sourceTree = "<group>"; };
		78A211982E30693D00F2D607 /* Preview Assets.xcassets */ = {isa = PBXFileReference; lastKnownFileType = folder.assetcatalog; path = "Preview Assets.xcassets"; sourceTree = "<group>"; };
		78A2119E2E30693E00F2D607 /* Prueba MacroplayTests.xctest */ = {isa = PBXFileReference; explicitFileType = wrapper.cfbundle; includeInIndex = 0; path = "Prueba MacroplayTests.xctest"; sourceTree = BUILT_PRODUCTS_DIR; };
		78A211A22E30693E00F2D607 /* Prueba_MacroplayTests.swift */ = {isa = PBXFileReference; lastKnownFileType = sourcecode.swift; path = Prueba_MacroplayTests.swift; sourceTree = "<group>"; };
		78A211A82E30693E00F2D607 /* Prueba MacroplayUITests.xctest */ = {isa = PBXFileReference; explicitFileType = wrapper.cfbundle; includeInIndex = 0; path = "Prueba MacroplayUITests.xctest"; sourceTree = BUILT_PRODUCTS_DIR; };
		78A211AC2E30693E00F2D607 /* Prueba_MacroplayUITests.swift */ = {isa = PBXFileReference; lastKnownFileType = sourcecode.swift; path = Prueba_MacroplayUITests.swift; sourceTree = "<group>"; };
		78A211AE2E30693E00F2D607 /* Prueba_MacroplayUITestsLaunchTests.swift */ = {isa = PBXFileReference; lastKnownFileType = sourcecode.swift; path = Prueba_MacroplayUITestsLaunchTests.swift; sourceTree = "<group>"; };
		78A211C22E306B3400F2D607 /* LoginView.swift */ = {isa = PBXFileReference; lastKnownFileType = sourcecode.swift; path = LoginView.swift; sourceTree = "<group>"; };
		78A211C42E306B7500F2D607 /* LoginViewModel.swift */ = {isa = PBXFileReference; lastKnownFileType = sourcecode.swift; path = LoginViewModel.swift; sourceTree = "<group>"; };
		78A211C72E306CE200F2D607 /* LoginState.swift */ = {isa = PBXFileReference; lastKnownFileType = sourcecode.swift; path = LoginState.swift; sourceTree = "<group>"; };
		78A211CC2E306FB000F2D607 /* LoginRepository.swift */ = {isa = PBXFileReference; lastKnownFileType = sourcecode.swift; path = LoginRepository.swift; sourceTree = "<group>"; };
		78A211CE2E306FDE00F2D607 /* LoginRepositoryImpl.swift */ = {isa = PBXFileReference; lastKnownFileType = sourcecode.swift; path = LoginRepositoryImpl.swift; sourceTree = "<group>"; };
		78A211D02E30701000F2D607 /* LoginUseCase.swift */ = {isa = PBXFileReference; lastKnownFileType = sourcecode.swift; path = LoginUseCase.swift; sourceTree = "<group>"; };
		78A481FB2E30776B00C86427 /* AppDelegate.swift */ = {isa = PBXFileReference; lastKnownFileType = sourcecode.swift; path = AppDelegate.swift; sourceTree = "<group>"; };
		78A481FD2E30784C00C86427 /* GoogleService-Info.plist */ = {isa = PBXFileReference; fileEncoding = 4; lastKnownFileType = text.plist.xml; path = "GoogleService-Info.plist"; sourceTree = "<group>"; };
		78B9B2DE2E30854F007D7656 /* HomeView.swift */ = {isa = PBXFileReference; lastKnownFileType = sourcecode.swift; path = HomeView.swift; sourceTree = "<group>"; };
		78B9B2E12E3086AB007D7656 /* SessionManager.swift */ = {isa = PBXFileReference; lastKnownFileType = sourcecode.swift; path = SessionManager.swift; sourceTree = "<group>"; };
		B147CEA582782F7CB7D4B7AC /* Pods_Prueba_Macroplay.framework */ = {isa = PBXFileReference; explicitFileType = wrapper.framework; includeInIndex = 0; path = Pods_Prueba_Macroplay.framework; sourceTree = BUILT_PRODUCTS_DIR; };
		C1ED7F0CAE332F0E31FDABA6 /* Pods-Prueba Macroplay.debug.xcconfig */ = {isa = PBXFileReference; includeInIndex = 1; lastKnownFileType = text.xcconfig; name = "Pods-Prueba Macroplay.debug.xcconfig"; path = "Target Support Files/Pods-Prueba Macroplay/Pods-Prueba Macroplay.debug.xcconfig"; sourceTree = "<group>"; };
/* End PBXFileReference section */

/* Begin PBXFrameworksBuildPhase section */
		78A2118B2E30693900F2D607 /* Frameworks */ = {
			isa = PBXFrameworksBuildPhase;
			buildActionMask = 2147483647;
			files = (
				B48BCAE0AD4B503A53BB0767 /* Pods_Prueba_Macroplay.framework in Frameworks */,
			);
			runOnlyForDeploymentPostprocessing = 0;
		};
		78A2119B2E30693E00F2D607 /* Frameworks */ = {
			isa = PBXFrameworksBuildPhase;
			buildActionMask = 2147483647;
			files = (
			);
			runOnlyForDeploymentPostprocessing = 0;
		};
		78A211A52E30693E00F2D607 /* Frameworks */ = {
			isa = PBXFrameworksBuildPhase;
			buildActionMask = 2147483647;
			files = (
			);
			runOnlyForDeploymentPostprocessing = 0;
		};
/* End PBXFrameworksBuildPhase section */

/* Begin PBXGroup section */
		1D810E78A49F5F85EBE276E0 /* Frameworks */ = {
			isa = PBXGroup;
			children = (
				B147CEA582782F7CB7D4B7AC /* Pods_Prueba_Macroplay.framework */,
			);
			name = Frameworks;
			sourceTree = "<group>";
		};
		78A211852E30693900F2D607 = {
			isa = PBXGroup;
			children = (
				78A211902E30693900F2D607 /* Prueba Macroplay */,
				78A211A12E30693E00F2D607 /* Prueba MacroplayTests */,
				78A211AB2E30693E00F2D607 /* Prueba MacroplayUITests */,
				78A2118F2E30693900F2D607 /* Products */,
				954EDC7624657D3D145A555A /* Pods */,
				1D810E78A49F5F85EBE276E0 /* Frameworks */,
			);
			sourceTree = "<group>";
		};
		78A2118F2E30693900F2D607 /* Products */ = {
			isa = PBXGroup;
			children = (
				78A2118E2E30693900F2D607 /* Prueba Macroplay.app */,
				78A2119E2E30693E00F2D607 /* Prueba MacroplayTests.xctest */,
				78A211A82E30693E00F2D607 /* Prueba MacroplayUITests.xctest */,
			);
			name = Products;
			sourceTree = "<group>";
		};
		78A211902E30693900F2D607 /* Prueba Macroplay */ = {
			isa = PBXGroup;
			children = (
				78A481FB2E30776B00C86427 /* AppDelegate.swift */,
				78A211952E30693D00F2D607 /* Assets.xcassets */,
				78A211BB2E306A2A00F2D607 /* features */,
				78A481FD2E30784C00C86427 /* GoogleService-Info.plist */,
				78A211972E30693D00F2D607 /* Preview Content */,
				78A211912E30693900F2D607 /* Prueba_MacroplayApp.swift */,
			);
			path = "Prueba Macroplay";
			sourceTree = "<group>";
		};
		78A211972E30693D00F2D607 /* Preview Content */ = {
			isa = PBXGroup;
			children = (
				78A211982E30693D00F2D607 /* Preview Assets.xcassets */,
			);
			path = "Preview Content";
			sourceTree = "<group>";
		};
		78A211A12E30693E00F2D607 /* Prueba MacroplayTests */ = {
			isa = PBXGroup;
			children = (
				78A211A22E30693E00F2D607 /* Prueba_MacroplayTests.swift */,
			);
			path = "Prueba MacroplayTests";
			sourceTree = "<group>";
		};
		78A211AB2E30693E00F2D607 /* Prueba MacroplayUITests */ = {
			isa = PBXGroup;
			children = (
				78A211AC2E30693E00F2D607 /* Prueba_MacroplayUITests.swift */,
				78A211AE2E30693E00F2D607 /* Prueba_MacroplayUITestsLaunchTests.swift */,
			);
			path = "Prueba MacroplayUITests";
			sourceTree = "<group>";
		};
		78A211BB2E306A2A00F2D607 /* features */ = {
			isa = PBXGroup;
			children = (
				78B9B2DB2E308519007D7656 /* home */,
				78A211BC2E306A4200F2D607 /* login */,
			);
			path = features;
			sourceTree = "<group>";
		};
		78A211BC2E306A4200F2D607 /* login */ = {
			isa = PBXGroup;
			children = (
				78A211BE2E306A6600F2D607 /* data */,
				78A211BD2E306A5400F2D607 /* domain */,
				78A211BF2E306A7D00F2D607 /* presentation */,
			);
			path = login;
			sourceTree = "<group>";
		};
		78A211BD2E306A5400F2D607 /* domain */ = {
			isa = PBXGroup;
			children = (
				78A211C92E306E6E00F2D607 /* repositories */,
				78A211CA2E306F4200F2D607 /* usecases */,
			);
			path = domain;
			sourceTree = "<group>";
		};
		78A211BE2E306A6600F2D607 /* data */ = {
			isa = PBXGroup;
			children = (
				78A211CB2E306F5400F2D607 /* repositories */,
			);
			path = data;
			sourceTree = "<group>";
		};
		78A211BF2E306A7D00F2D607 /* presentation */ = {
			isa = PBXGroup;
			children = (
				78B9B2E02E308695007D7656 /* sesion */,
				78A211C62E306CBE00F2D607 /* states */,
				78A211C02E306AAB00F2D607 /* view */,
				78A211C12E306AB900F2D607 /* viewmodel */,
			);
			path = presentation;
			sourceTree = "<group>";
		};
		78A211C02E306AAB00F2D607 /* view */ = {
			isa = PBXGroup;
			children = (
				78A211C22E306B3400F2D607 /* LoginView.swift */,
			);
			path = view;
			sourceTree = "<group>";
		};
		78A211C12E306AB900F2D607 /* viewmodel */ = {
			isa = PBXGroup;
			children = (
				78A211C42E306B7500F2D607 /* LoginViewModel.swift */,
			);
			path = viewmodel;
			sourceTree = "<group>";
		};
		78A211C62E306CBE00F2D607 /* states */ = {
			isa = PBXGroup;
			children = (
				78A211C72E306CE200F2D607 /* LoginState.swift */,
			);
			path = states;
			sourceTree = "<group>";
		};
		78A211C92E306E6E00F2D607 /* repositories */ = {
			isa = PBXGroup;
			children = (
				78A211CC2E306FB000F2D607 /* LoginRepository.swift */,
			);
			path = repositories;
			sourceTree = "<group>";
		};
		78A211CA2E306F4200F2D607 /* usecases */ = {
			isa = PBXGroup;
			children = (
				78A211D02E30701000F2D607 /* LoginUseCase.swift */,
			);
			path = usecases;
			sourceTree = "<group>";
		};
		78A211CB2E306F5400F2D607 /* repositories */ = {
			isa = PBXGroup;
			children = (
				78A211CE2E306FDE00F2D607 /* LoginRepositoryImpl.swift */,
			);
			path = repositories;
			sourceTree = "<group>";
		};
		78B9B2DB2E308519007D7656 /* home */ = {
			isa = PBXGroup;
			children = (
				78B9B2DC2E308528007D7656 /* presentation */,
			);
			path = home;
			sourceTree = "<group>";
		};
		78B9B2DC2E308528007D7656 /* presentation */ = {
			isa = PBXGroup;
			children = (
				78B9B2DD2E308535007D7656 /* view */,
			);
			path = presentation;
			sourceTree = "<group>";
		};
		78B9B2DD2E308535007D7656 /* view */ = {
			isa = PBXGroup;
			children = (
				78B9B2DE2E30854F007D7656 /* HomeView.swift */,
			);
			path = view;
			sourceTree = "<group>";
		};
		78B9B2E02E308695007D7656 /* sesion */ = {
			isa = PBXGroup;
			children = (
				78B9B2E12E3086AB007D7656 /* SessionManager.swift */,
			);
			path = sesion;
			sourceTree = "<group>";
		};
		954EDC7624657D3D145A555A /* Pods */ = {
			isa = PBXGroup;
			children = (
				C1ED7F0CAE332F0E31FDABA6 /* Pods-Prueba Macroplay.debug.xcconfig */,
				4720D1D605F9564EF4B36B92 /* Pods-Prueba Macroplay.release.xcconfig */,
			);
			path = Pods;
			sourceTree = "<group>";
		};
/* End PBXGroup section */

/* Begin PBXNativeTarget section */
		78A2118D2E30693900F2D607 /* Prueba Macroplay */ = {
			isa = PBXNativeTarget;
			buildConfigurationList = 78A211B22E30693E00F2D607 /* Build configuration list for PBXNativeTarget "Prueba Macroplay" */;
			buildPhases = (
				1B60213E33DAD0233B832BB1 /* [CP] Check Pods Manifest.lock */,
				78A2118A2E30693900F2D607 /* Sources */,
				78A2118B2E30693900F2D607 /* Frameworks */,
				78A2118C2E30693900F2D607 /* Resources */,
				7CCB50AD4C7CB392C78CCB8D /* [CP] Embed Pods Frameworks */,
			);
			buildRules = (
			);
			dependencies = (
			);
			name = "Prueba Macroplay";
			productName = "Prueba Macroplay";
			productReference = 78A2118E2E30693900F2D607 /* Prueba Macroplay.app */;
			productType = "com.apple.product-type.application";
		};
		78A2119D2E30693E00F2D607 /* Prueba MacroplayTests */ = {
			isa = PBXNativeTarget;
			buildConfigurationList = 78A211B52E30693E00F2D607 /* Build configuration list for PBXNativeTarget "Prueba MacroplayTests" */;
			buildPhases = (
				78A2119A2E30693E00F2D607 /* Sources */,
				78A2119B2E30693E00F2D607 /* Frameworks */,
				78A2119C2E30693E00F2D607 /* Resources */,
			);
			buildRules = (
			);
			dependencies = (
				78A211A02E30693E00F2D607 /* PBXTargetDependency */,
			);
			name = "Prueba MacroplayTests";
			productName = "Prueba MacroplayTests";
			productReference = 78A2119E2E30693E00F2D607 /* Prueba MacroplayTests.xctest */;
			productType = "com.apple.product-type.bundle.unit-test";
		};
		78A211A72E30693E00F2D607 /* Prueba MacroplayUITests */ = {
			isa = PBXNativeTarget;
			buildConfigurationList = 78A211B82E30693E00F2D607 /* Build configuration list for PBXNativeTarget "Prueba MacroplayUITests" */;
			buildPhases = (
				78A211A42E30693E00F2D607 /* Sources */,
				78A211A52E30693E00F2D607 /* Frameworks */,
				78A211A62E30693E00F2D607 /* Resources */,
			);
			buildRules = (
			);
			dependencies = (
				78A211AA2E30693E00F2D607 /* PBXTargetDependency */,
			);
			name = "Prueba MacroplayUITests";
			productName = "Prueba MacroplayUITests";
			productReference = 78A211A82E30693E00F2D607 /* Prueba MacroplayUITests.xctest */;
			productType = "com.apple.product-type.bundle.ui-testing";
		};
/* End PBXNativeTarget section */

/* Begin PBXProject section */
		78A211862E30693900F2D607 /* Project object */ = {
			isa = PBXProject;
			attributes = {
				BuildIndependentTargetsInParallel = 1;
				LastSwiftUpdateCheck = 1420;
				LastUpgradeCheck = 1420;
				TargetAttributes = {
					78A2118D2E30693900F2D607 = {
						CreatedOnToolsVersion = 14.2;
					};
					78A2119D2E30693E00F2D607 = {
						CreatedOnToolsVersion = 14.2;
						TestTargetID = 78A2118D2E30693900F2D607;
					};
					78A211A72E30693E00F2D607 = {
						CreatedOnToolsVersion = 14.2;
						TestTargetID = 78A2118D2E30693900F2D607;
					};
				};
			};
			buildConfigurationList = 78A211892E30693900F2D607 /* Build configuration list for PBXProject "Prueba Macroplay" */;
			compatibilityVersion = "Xcode 14.0";
			developmentRegion = en;
			hasScannedForEncodings = 0;
			knownRegions = (
				en,
				Base,
			);
			mainGroup = 78A211852E30693900F2D607;
			productRefGroup = 78A2118F2E30693900F2D607 /* Products */;
			projectDirPath = "";
			projectRoot = "";
			targets = (
				78A2118D2E30693900F2D607 /* Prueba Macroplay */,
				78A2119D2E30693E00F2D607 /* Prueba MacroplayTests */,
				78A211A72E30693E00F2D607 /* Prueba MacroplayUITests */,
			);
		};
/* End PBXProject section */

/* Begin PBXResourcesBuildPhase section */
		78A2118C2E30693900F2D607 /* Resources */ = {
			isa = PBXResourcesBuildPhase;
			buildActionMask = 2147483647;
			files = (
				78A211992E30693D00F2D607 /* Preview Assets.xcassets in Resources */,
				78A211962E30693D00F2D607 /* Assets.xcassets in Resources */,
				78A481FE2E30784C00C86427 /* GoogleService-Info.plist in Resources */,
			);
			runOnlyForDeploymentPostprocessing = 0;
		};
		78A2119C2E30693E00F2D607 /* Resources */ = {
			isa = PBXResourcesBuildPhase;
			buildActionMask = 2147483647;
			files = (
			);
			runOnlyForDeploymentPostprocessing = 0;
		};
		78A211A62E30693E00F2D607 /* Resources */ = {
			isa = PBXResourcesBuildPhase;
			buildActionMask = 2147483647;
			files = (
			);
			runOnlyForDeploymentPostprocessing = 0;
		};
/* End PBXResourcesBuildPhase section */

/* Begin PBXShellScriptBuildPhase section */
		1B60213E33DAD0233B832BB1 /* [CP] Check Pods Manifest.lock */ = {
			isa = PBXShellScriptBuildPhase;
			buildActionMask = 2147483647;
			files = (
			);
			inputFileListPaths = (
			);
			inputPaths = (
				"${PODS_PODFILE_DIR_PATH}/Podfile.lock",
				"${PODS_ROOT}/Manifest.lock",
			);
			name = "[CP] Check Pods Manifest.lock";
			outputFileListPaths = (
			);
			outputPaths = (
				"$(DERIVED_FILE_DIR)/Pods-Prueba Macroplay-checkManifestLockResult.txt",
			);
			runOnlyForDeploymentPostprocessing = 0;
			shellPath = /bin/sh;
			shellScript = "diff \"${PODS_PODFILE_DIR_PATH}/Podfile.lock\" \"${PODS_ROOT}/Manifest.lock\" > /dev/null\nif [ $? != 0 ] ; then\n    # print error to STDERR\n    echo \"error: The sandbox is not in sync with the Podfile.lock. Run 'pod install' or update your CocoaPods installation.\" >&2\n    exit 1\nfi\n# This output is used by Xcode 'outputs' to avoid re-running this script phase.\necho \"SUCCESS\" > \"${SCRIPT_OUTPUT_FILE_0}\"\n";
			showEnvVarsInLog = 0;
		};
		7CCB50AD4C7CB392C78CCB8D /* [CP] Embed Pods Frameworks */ = {
			isa = PBXShellScriptBuildPhase;
			buildActionMask = 2147483647;
			files = (
			);
			inputFileListPaths = (
				"${PODS_ROOT}/Target Support Files/Pods-Prueba Macroplay/Pods-Prueba Macroplay-frameworks-${CONFIGURATION}-input-files.xcfilelist",
			);
			name = "[CP] Embed Pods Frameworks";
			outputFileListPaths = (
				"${PODS_ROOT}/Target Support Files/Pods-Prueba Macroplay/Pods-Prueba Macroplay-frameworks-${CONFIGURATION}-output-files.xcfilelist",
			);
			runOnlyForDeploymentPostprocessing = 0;
			shellPath = /bin/sh;
			shellScript = "\"${PODS_ROOT}/Target Support Files/Pods-Prueba Macroplay/Pods-Prueba Macroplay-frameworks.sh\"\n";
			showEnvVarsInLog = 0;
		};
/* End PBXShellScriptBuildPhase section */

/* Begin PBXSourcesBuildPhase section */
		78A2118A2E30693900F2D607 /* Sources */ = {
			isa = PBXSourcesBuildPhase;
			buildActionMask = 2147483647;
			files = (
				78B9B2DF2E30854F007D7656 /* HomeView.swift in Sources */,
				78A481FC2E30776B00C86427 /* AppDelegate.swift in Sources */,
				78A211CD2E306FB000F2D607 /* LoginRepository.swift in Sources */,
				78A211C52E306B7500F2D607 /* LoginViewModel.swift in Sources */,
				78A211C82E306CE200F2D607 /* LoginState.swift in Sources */,
				78A211C32E306B3400F2D607 /* LoginView.swift in Sources */,
				78A211D12E30701000F2D607 /* LoginUseCase.swift in Sources */,
				78A211922E30693900F2D607 /* Prueba_MacroplayApp.swift in Sources */,
				78B9B2E22E3086AB007D7656 /* SessionManager.swift in Sources */,
				78A211CF2E306FDE00F2D607 /* LoginRepositoryImpl.swift in Sources */,
			);
			runOnlyForDeploymentPostprocessing = 0;
		};
		78A2119A2E30693E00F2D607 /* Sources */ = {
			isa = PBXSourcesBuildPhase;
			buildActionMask = 2147483647;
			files = (
				78A211A32E30693E00F2D607 /* Prueba_MacroplayTests.swift in Sources */,
			);
			runOnlyForDeploymentPostprocessing = 0;
		};
		78A211A42E30693E00F2D607 /* Sources */ = {
			isa = PBXSourcesBuildPhase;
			buildActionMask = 2147483647;
			files = (
				78A211AF2E30693E00F2D607 /* Prueba_MacroplayUITestsLaunchTests.swift in Sources */,
				78A211AD2E30693E00F2D607 /* Prueba_MacroplayUITests.swift in Sources */,
			);
			runOnlyForDeploymentPostprocessing = 0;
		};
/* End PBXSourcesBuildPhase section */

/* Begin PBXTargetDependency section */
		78A211A02E30693E00F2D607 /* PBXTargetDependency */ = {
			isa = PBXTargetDependency;
			target = 78A2118D2E30693900F2D607 /* Prueba Macroplay */;
			targetProxy = 78A2119F2E30693E00F2D607 /* PBXContainerItemProxy */;
		};
		78A211AA2E30693E00F2D607 /* PBXTargetDependency */ = {
			isa = PBXTargetDependency;
			target = 78A2118D2E30693900F2D607 /* Prueba Macroplay */;
			targetProxy = 78A211A92E30693E00F2D607 /* PBXContainerItemProxy */;
		};
/* End PBXTargetDependency section */

/* Begin XCBuildConfiguration section */
		78A211B02E30693E00F2D607 /* Debug */ = {
			isa = XCBuildConfiguration;
			buildSettings = {
				ALWAYS_SEARCH_USER_PATHS = NO;
				CLANG_ANALYZER_NONNULL = YES;
				CLANG_ANALYZER_NUMBER_OBJECT_CONVERSION = YES_AGGRESSIVE;
				CLANG_CXX_LANGUAGE_STANDARD = "gnu++20";
				CLANG_ENABLE_MODULES = YES;
				CLANG_ENABLE_OBJC_ARC = YES;
				CLANG_ENABLE_OBJC_WEAK = YES;
				CLANG_WARN_BLOCK_CAPTURE_AUTORELEASING = YES;
				CLANG_WARN_BOOL_CONVERSION = YES;
				CLANG_WARN_COMMA = YES;
				CLANG_WARN_CONSTANT_CONVERSION = YES;
				CLANG_WARN_DEPRECATED_OBJC_IMPLEMENTATIONS = YES;
				CLANG_WARN_DIRECT_OBJC_ISA_USAGE = YES_ERROR;
				CLANG_WARN_DOCUMENTATION_COMMENTS = YES;
				CLANG_WARN_EMPTY_BODY = YES;
				CLANG_WARN_ENUM_CONVERSION = YES;
				CLANG_WARN_INFINITE_RECURSION = YES;
				CLANG_WARN_INT_CONVERSION = YES;
				CLANG_WARN_NON_LITERAL_NULL_CONVERSION = YES;
				CLANG_WARN_OBJC_IMPLICIT_RETAIN_SELF = YES;
				CLANG_WARN_OBJC_LITERAL_CONVERSION = YES;
				CLANG_WARN_OBJC_ROOT_CLASS = YES_ERROR;
				CLANG_WARN_QUOTED_INCLUDE_IN_FRAMEWORK_HEADER = YES;
				CLANG_WARN_RANGE_LOOP_ANALYSIS = YES;
				CLANG_WARN_STRICT_PROTOTYPES = YES;
				CLANG_WARN_SUSPICIOUS_MOVE = YES;
				CLANG_WARN_UNGUARDED_AVAILABILITY = YES_AGGRESSIVE;
				CLANG_WARN_UNREACHABLE_CODE = YES;
				CLANG_WARN__DUPLICATE_METHOD_MATCH = YES;
				COPY_PHASE_STRIP = NO;
				DEBUG_INFORMATION_FORMAT = dwarf;
				ENABLE_STRICT_OBJC_MSGSEND = YES;
				ENABLE_TESTABILITY = YES;
				GCC_C_LANGUAGE_STANDARD = gnu11;
				GCC_DYNAMIC_NO_PIC = NO;
				GCC_NO_COMMON_BLOCKS = YES;
				GCC_OPTIMIZATION_LEVEL = 0;
				GCC_PREPROCESSOR_DEFINITIONS = (
					"DEBUG=1",
					"$(inherited)",
				);
				GCC_WARN_64_TO_32_BIT_CONVERSION = YES;
				GCC_WARN_ABOUT_RETURN_TYPE = YES_ERROR;
				GCC_WARN_UNDECLARED_SELECTOR = YES;
				GCC_WARN_UNINITIALIZED_AUTOS = YES_AGGRESSIVE;
				GCC_WARN_UNUSED_FUNCTION = YES;
				GCC_WARN_UNUSED_VARIABLE = YES;
				IPHONEOS_DEPLOYMENT_TARGET = 16.2;
				MTL_ENABLE_DEBUG_INFO = INCLUDE_SOURCE;
				MTL_FAST_MATH = YES;
				ONLY_ACTIVE_ARCH = YES;
				SDKROOT = iphoneos;
				SWIFT_ACTIVE_COMPILATION_CONDITIONS = DEBUG;
				SWIFT_OPTIMIZATION_LEVEL = "-Onone";
			};
			name = Debug;
		};
		78A211B12E30693E00F2D607 /* Release */ = {
			isa = XCBuildConfiguration;
			buildSettings = {
				ALWAYS_SEARCH_USER_PATHS = NO;
				CLANG_ANALYZER_NONNULL = YES;
				CLANG_ANALYZER_NUMBER_OBJECT_CONVERSION = YES_AGGRESSIVE;
				CLANG_CXX_LANGUAGE_STANDARD = "gnu++20";
				CLANG_ENABLE_MODULES = YES;
				CLANG_ENABLE_OBJC_ARC = YES;
				CLANG_ENABLE_OBJC_WEAK = YES;
				CLANG_WARN_BLOCK_CAPTURE_AUTORELEASING = YES;
				CLANG_WARN_BOOL_CONVERSION = YES;
				CLANG_WARN_COMMA = YES;
				CLANG_WARN_CONSTANT_CONVERSION = YES;
				CLANG_WARN_DEPRECATED_OBJC_IMPLEMENTATIONS = YES;
				CLANG_WARN_DIRECT_OBJC_ISA_USAGE = YES_ERROR;
				CLANG_WARN_DOCUMENTATION_COMMENTS = YES;
				CLANG_WARN_EMPTY_BODY = YES;
				CLANG_WARN_ENUM_CONVERSION = YES;
				CLANG_WARN_INFINITE_RECURSION = YES;
				CLANG_WARN_INT_CONVERSION = YES;
				CLANG_WARN_NON_LITERAL_NULL_CONVERSION = YES;
				CLANG_WARN_OBJC_IMPLICIT_RETAIN_SELF = YES;
				CLANG_WARN_OBJC_LITERAL_CONVERSION = YES;
				CLANG_WARN_OBJC_ROOT_CLASS = YES_ERROR;
				CLANG_WARN_QUOTED_INCLUDE_IN_FRAMEWORK_HEADER = YES;
				CLANG_WARN_RANGE_LOOP_ANALYSIS = YES;
				CLANG_WARN_STRICT_PROTOTYPES = YES;
				CLANG_WARN_SUSPICIOUS_MOVE = YES;
				CLANG_WARN_UNGUARDED_AVAILABILITY = YES_AGGRESSIVE;
				CLANG_WARN_UNREACHABLE_CODE = YES;
				CLANG_WARN__DUPLICATE_METHOD_MATCH = YES;
				COPY_PHASE_STRIP = NO;
				DEBUG_INFORMATION_FORMAT = "dwarf-with-dsym";
				ENABLE_NS_ASSERTIONS = NO;
				ENABLE_STRICT_OBJC_MSGSEND = YES;
				GCC_C_LANGUAGE_STANDARD = gnu11;
				GCC_NO_COMMON_BLOCKS = YES;
				GCC_WARN_64_TO_32_BIT_CONVERSION = YES;
				GCC_WARN_ABOUT_RETURN_TYPE = YES_ERROR;
				GCC_WARN_UNDECLARED_SELECTOR = YES;
				GCC_WARN_UNINITIALIZED_AUTOS = YES_AGGRESSIVE;
				GCC_WARN_UNUSED_FUNCTION = YES;
				GCC_WARN_UNUSED_VARIABLE = YES;
				IPHONEOS_DEPLOYMENT_TARGET = 16.2;
				MTL_ENABLE_DEBUG_INFO = NO;
				MTL_FAST_MATH = YES;
				SDKROOT = iphoneos;
				SWIFT_COMPILATION_MODE = wholemodule;
				SWIFT_OPTIMIZATION_LEVEL = "-O";
				VALIDATE_PRODUCT = YES;
			};
			name = Release;
		};
		78A211B32E30693E00F2D607 /* Debug */ = {
			isa = XCBuildConfiguration;
			baseConfigurationReference = C1ED7F0CAE332F0E31FDABA6 /* Pods-Prueba Macroplay.debug.xcconfig */;
			buildSettings = {
				ASSETCATALOG_COMPILER_APPICON_NAME = AppIcon;
				ASSETCATALOG_COMPILER_GLOBAL_ACCENT_COLOR_NAME = AccentColor;
				CODE_SIGN_STYLE = Automatic;
				CURRENT_PROJECT_VERSION = 1;
				DEVELOPMENT_ASSET_PATHS = "\"Prueba Macroplay/Preview Content\"";
				DEVELOPMENT_TEAM = T47CTWZH65;
				ENABLE_PREVIEWS = YES;
				GENERATE_INFOPLIST_FILE = YES;
				INFOPLIST_KEY_UIApplicationSceneManifest_Generation = YES;
				INFOPLIST_KEY_UIApplicationSupportsIndirectInputEvents = YES;
				INFOPLIST_KEY_UILaunchScreen_Generation = YES;
				INFOPLIST_KEY_UISupportedInterfaceOrientations_iPad = "UIInterfaceOrientationPortrait UIInterfaceOrientationPortraitUpsideDown UIInterfaceOrientationLandscapeLeft UIInterfaceOrientationLandscapeRight";
				INFOPLIST_KEY_UISupportedInterfaceOrientations_iPhone = "UIInterfaceOrientationPortrait UIInterfaceOrientationLandscapeLeft UIInterfaceOrientationLandscapeRight";
				LD_RUNPATH_SEARCH_PATHS = (
					"$(inherited)",
					"@executable_path/Frameworks",
				);
				MARKETING_VERSION = 1.0;
				PRODUCT_BUNDLE_IDENTIFIER = "WilliamVidal.Prueba-Macroplay";
				PRODUCT_NAME = "$(TARGET_NAME)";
				SWIFT_EMIT_LOC_STRINGS = YES;
				SWIFT_VERSION = 5.0;
				TARGETED_DEVICE_FAMILY = "1,2";
			};
			name = Debug;
		};
		78A211B42E30693E00F2D607 /* Release */ = {
			isa = XCBuildConfiguration;
			baseConfigurationReference = 4720D1D605F9564EF4B36B92 /* Pods-Prueba Macroplay.release.xcconfig */;
			buildSettings = {
				ASSETCATALOG_COMPILER_APPICON_NAME = AppIcon;
				ASSETCATALOG_COMPILER_GLOBAL_ACCENT_COLOR_NAME = AccentColor;
				CODE_SIGN_STYLE = Automatic;
				CURRENT_PROJECT_VERSION = 1;
				DEVELOPMENT_ASSET_PATHS = "\"Prueba Macroplay/Preview Content\"";
				DEVELOPMENT_TEAM = T47CTWZH65;
				ENABLE_PREVIEWS = YES;
				GENERATE_INFOPLIST_FILE = YES;
				INFOPLIST_KEY_UIApplicationSceneManifest_Generation = YES;
				INFOPLIST_KEY_UIApplicationSupportsIndirectInputEvents = YES;
				INFOPLIST_KEY_UILaunchScreen_Generation = YES;
				INFOPLIST_KEY_UISupportedInterfaceOrientations_iPad = "UIInterfaceOrientationPortrait UIInterfaceOrientationPortraitUpsideDown UIInterfaceOrientationLandscapeLeft UIInterfaceOrientationLandscapeRight";
				INFOPLIST_KEY_UISupportedInterfaceOrientations_iPhone = "UIInterfaceOrientationPortrait UIInterfaceOrientationLandscapeLeft UIInterfaceOrientationLandscapeRight";
				LD_RUNPATH_SEARCH_PATHS = (
					"$(inherited)",
					"@executable_path/Frameworks",
				);
				MARKETING_VERSION = 1.0;
				PRODUCT_BUNDLE_IDENTIFIER = "WilliamVidal.Prueba-Macroplay";
				PRODUCT_NAME = "$(TARGET_NAME)";
				SWIFT_EMIT_LOC_STRINGS = YES;
				SWIFT_VERSION = 5.0;
				TARGETED_DEVICE_FAMILY = "1,2";
			};
			name = Release;
		};
		78A211B62E30693E00F2D607 /* Debug */ = {
			isa = XCBuildConfiguration;
			buildSettings = {
				ALWAYS_EMBED_SWIFT_STANDARD_LIBRARIES = YES;
				BUNDLE_LOADER = "$(TEST_HOST)";
				CODE_SIGN_STYLE = Automatic;
				CURRENT_PROJECT_VERSION = 1;
				DEVELOPMENT_TEAM = T47CTWZH65;
				GENERATE_INFOPLIST_FILE = YES;
				IPHONEOS_DEPLOYMENT_TARGET = 16.2;
				MARKETING_VERSION = 1.0;
				PRODUCT_BUNDLE_IDENTIFIER = "WilliamVidal.Prueba-MacroplayTests";
				PRODUCT_NAME = "$(TARGET_NAME)";
				SWIFT_EMIT_LOC_STRINGS = NO;
				SWIFT_VERSION = 5.0;
				TARGETED_DEVICE_FAMILY = "1,2";
				TEST_HOST = "$(BUILT_PRODUCTS_DIR)/Prueba Macroplay.app/$(BUNDLE_EXECUTABLE_FOLDER_PATH)/Prueba Macroplay";
			};
			name = Debug;
		};
		78A211B72E30693E00F2D607 /* Release */ = {
			isa = XCBuildConfiguration;
			buildSettings = {
				ALWAYS_EMBED_SWIFT_STANDARD_LIBRARIES = YES;
				BUNDLE_LOADER = "$(TEST_HOST)";
				CODE_SIGN_STYLE = Automatic;
				CURRENT_PROJECT_VERSION = 1;
				DEVELOPMENT_TEAM = T47CTWZH65;
				GENERATE_INFOPLIST_FILE = YES;
				IPHONEOS_DEPLOYMENT_TARGET = 16.2;
				MARKETING_VERSION = 1.0;
				PRODUCT_BUNDLE_IDENTIFIER = "WilliamVidal.Prueba-MacroplayTests";
				PRODUCT_NAME = "$(TARGET_NAME)";
				SWIFT_EMIT_LOC_STRINGS = NO;
				SWIFT_VERSION = 5.0;
				TARGETED_DEVICE_FAMILY = "1,2";
				TEST_HOST = "$(BUILT_PRODUCTS_DIR)/Prueba Macroplay.app/$(BUNDLE_EXECUTABLE_FOLDER_PATH)/Prueba Macroplay";
			};
			name = Release;
		};
		78A211B92E30693E00F2D607 /* Debug */ = {
			isa = XCBuildConfiguration;
			buildSettings = {
				ALWAYS_EMBED_SWIFT_STANDARD_LIBRARIES = YES;
				CODE_SIGN_STYLE = Automatic;
				CURRENT_PROJECT_VERSION = 1;
				DEVELOPMENT_TEAM = T47CTWZH65;
				GENERATE_INFOPLIST_FILE = YES;
				MARKETING_VERSION = 1.0;
				PRODUCT_BUNDLE_IDENTIFIER = "WilliamVidal.Prueba-MacroplayUITests";
				PRODUCT_NAME = "$(TARGET_NAME)";
				SWIFT_EMIT_LOC_STRINGS = NO;
				SWIFT_VERSION = 5.0;
				TARGETED_DEVICE_FAMILY = "1,2";
				TEST_TARGET_NAME = "Prueba Macroplay";
			};
			name = Debug;
		};
		78A211BA2E30693E00F2D607 /* Release */ = {
			isa = XCBuildConfiguration;
			buildSettings = {
				ALWAYS_EMBED_SWIFT_STANDARD_LIBRARIES = YES;
				CODE_SIGN_STYLE = Automatic;
				CURRENT_PROJECT_VERSION = 1;
				DEVELOPMENT_TEAM = T47CTWZH65;
				GENERATE_INFOPLIST_FILE = YES;
				MARKETING_VERSION = 1.0;
				PRODUCT_BUNDLE_IDENTIFIER = "WilliamVidal.Prueba-MacroplayUITests";
				PRODUCT_NAME = "$(TARGET_NAME)";
				SWIFT_EMIT_LOC_STRINGS = NO;
				SWIFT_VERSION = 5.0;
				TARGETED_DEVICE_FAMILY = "1,2";
				TEST_TARGET_NAME = "Prueba Macroplay";
			};
			name = Release;
		};
/* End XCBuildConfiguration section */

/* Begin XCConfigurationList section */
		78A211892E30693900F2D607 /* Build configuration list for PBXProject "Prueba Macroplay" */ = {
			isa = XCConfigurationList;
			buildConfigurations = (
				78A211B02E30693E00F2D607 /* Debug */,
				78A211B12E30693E00F2D607 /* Release */,
			);
			defaultConfigurationIsVisible = 0;
			defaultConfigurationName = Release;
		};
		78A211B22E30693E00F2D607 /* Build configuration list for PBXNativeTarget "Prueba Macroplay" */ = {
			isa = XCConfigurationList;
			buildConfigurations = (
				78A211B32E30693E00F2D607 /* Debug */,
				78A211B42E30693E00F2D607 /* Release */,
			);
			defaultConfigurationIsVisible = 0;
			defaultConfigurationName = Release;
		};
		78A211B52E30693E00F2D607 /* Build configuration list for PBXNativeTarget "Prueba MacroplayTests" */ = {
			isa = XCConfigurationList;
			buildConfigurations = (
				78A211B62E30693E00F2D607 /* Debug */,
				78A211B72E30693E00F2D607 /* Release */,
			);
			defaultConfigurationIsVisible = 0;
			defaultConfigurationName = Release;
		};
		78A211B82E30693E00F2D607 /* Build configuration list for PBXNativeTarget "Prueba MacroplayUITests" */ = {
			isa = XCConfigurationList;
			buildConfigurations = (
				78A211B92E30693E00F2D607 /* Debug */,
				78A211BA2E30693E00F2D607 /* Release */,
			);
			defaultConfigurationIsVisible = 0;
			defaultConfigurationName = Release;
		};
/* End XCConfigurationList section */
	};
	rootObject = 78A211862E30693900F2D607 /* Project object */;
}
